Microsoft Visual Studio Solution File, Format Version 12.00
# Visual Studio Version 17
VisualStudioVersion = 17.5.2.0
MinimumVisualStudioVersion = 10.0.40219.1
Project("{FAE04EC0-301F-11D3-BF4B-00C04F79EFBC}") = "ServidoresAPI", "ServidoresAPI.csproj", "{1FD1D109-1994-0343-666C-F6EB71FBDBDE}"
EndProject
Project("{FAE04EC0-301F-11D3-BF4B-00C04F79EFBC}") = "ServidoresAPI.Tests", "ServidoresAPI.Tests\ServidoresAPI.Tests.csproj", "{F61816AB-2D20-491E-AF68-485C2C714122}"
EndProject
Global
	GlobalSection(SolutionConfigurationPlatforms) = preSolution
		Debug|Any CPU = Debug|Any CPU
		Release|Any CPU = Release|Any CPU
	EndGlobalSection
	GlobalSection(ProjectConfigurationPlatforms) = postSolution
		{1FD1D109-1994-0343-666C-F6EB71FBDBDE}.Debug|Any CPU.ActiveCfg = Debug|Any CPU
		{1FD1D109-1994-0343-666C-F6EB71FBDBDE}.Debug|Any CPU.Build.0 = Debug|Any CPU
		{1FD1D109-1994-0343-666C-F6EB71FBDBDE}.Release|Any CPU.ActiveCfg = Release|Any CPU
		{1FD1D109-1994-0343-666C-F6EB71FBDBDE}.Release|Any CPU.Build.0 = Release|Any CPU
		{F61816AB-2D20-491E-AF68-485C2C714122}.Debug|Any CPU.ActiveCfg = Debug|Any CPU
		{F61816AB-2D20-491E-AF68-485C2C714122}.Debug|Any CPU.Build.0 = Debug|Any CPU
		{F61816AB-2D20-491E-AF68-485C2C714122}.Release|Any CPU.ActiveCfg = Release|Any CPU
		{F61816AB-2D20-491E-AF68-485C2C714122}.Release|Any CPU.Build.0 = Release|Any CPU
	EndGlobalSection
	GlobalSection(SolutionProperties) = preSolution
		HideSolutionNode = FALSE
	EndGlobalSection
	GlobalSection(ExtensibilityGlobals) = postSolution
		SolutionGuid = {0C00E0CA-7AAD-4AE4-B8A9-E55C956FF0DF}
	EndGlobalSection
EndGlobal
